# This file is autogenerated, do not edit; changes may be undone by the next 'dep ensure'.


[[projects]]
  name = "github.com/tensorflow/tensorflow"
  packages = [
    "tensorflow/go",
    "tensorflow/go/op"
  ]
  revision = "93bc2e2072e0daccbcff7a90d397b704a9e8f778"
  version = "v1.8.0"

[solve-meta]
  analyzer-name = "dep"
  analyzer-version = 1
  inputs-digest = "e8f5877b6478fbe32eae7ca33608c7269eab7e280d5dded4986deb12381744fd"
  solver-name = "gps-cdcl"
  solver-version = 1
